
Microsoft Visual Studio Solution File, Format Version 12.00
# Visual Studio Version 17
VisualStudioVersion = 17.0.31903.59
MinimumVisualStudioVersion = 10.0.40219.1
Project("{9A19103F-16F7-4668-BE54-9A1E7A4F7556}") = "WebAPI", "WebAPI\WebAPI.csproj", "{7D3A3EC4-E697-4C62-B17D-4D56C3988F11}"
EndProject
Project("{9A19103F-16F7-4668-BE54-9A1E7A4F7556}") = "Infrastructure", "Infrastructure\Infrastructure.csproj", "{73FF7B09-82F6-4016-B306-686C5FC1BFEF}"
EndProject
Project("{9A19103F-16F7-4668-BE54-9A1E7A4F7556}") = "ApplicationCore", "ApplicationCore\ApplicationCore.csproj", "{8193C912-8DC6-45E0-B002-34A35D35E829}"
EndProject
Project("{9A19103F-16F7-4668-BE54-9A1E7A4F7556}") = "Tests", "Tests\Tests.csproj", "{C280DF7D-26D6-4017-82BA-DC4EAC368E02}"
EndProject
Project("{E53339B2-1760-4266-BCC7-CA923CBCF16C}") = "docker-compose", "docker-compose.dcproj", "{8D0BE46B-42DF-4C3D-803D-4EFB0E7D8517}"
EndProject
Global
	GlobalSection(SolutionConfigurationPlatforms) = preSolution
		Debug|Any CPU = Debug|Any CPU
		Release|Any CPU = Release|Any CPU
	EndGlobalSection
	GlobalSection(ProjectConfigurationPlatforms) = postSolution
		{7D3A3EC4-E697-4C62-B17D-4D56C3988F11}.Debug|Any CPU.ActiveCfg = Debug|Any CPU
		{7D3A3EC4-E697-4C62-B17D-4D56C3988F11}.Debug|Any CPU.Build.0 = Debug|Any CPU
		{7D3A3EC4-E697-4C62-B17D-4D56C3988F11}.Release|Any CPU.ActiveCfg = Release|Any CPU
		{7D3A3EC4-E697-4C62-B17D-4D56C3988F11}.Release|Any CPU.Build.0 = Release|Any CPU
		{73FF7B09-82F6-4016-B306-686C5FC1BFEF}.Debug|Any CPU.ActiveCfg = Debug|Any CPU
		{73FF7B09-82F6-4016-B306-686C5FC1BFEF}.Debug|Any CPU.Build.0 = Debug|Any CPU
		{73FF7B09-82F6-4016-B306-686C5FC1BFEF}.Release|Any CPU.ActiveCfg = Release|Any CPU
		{73FF7B09-82F6-4016-B306-686C5FC1BFEF}.Release|Any CPU.Build.0 = Release|Any CPU
		{8193C912-8DC6-45E0-B002-34A35D35E829}.Debug|Any CPU.ActiveCfg = Debug|Any CPU
		{8193C912-8DC6-45E0-B002-34A35D35E829}.Debug|Any CPU.Build.0 = Debug|Any CPU
		{8193C912-8DC6-45E0-B002-34A35D35E829}.Release|Any CPU.ActiveCfg = Release|Any CPU
		{8193C912-8DC6-45E0-B002-34A35D35E829}.Release|Any CPU.Build.0 = Release|Any CPU
		{C280DF7D-26D6-4017-82BA-DC4EAC368E02}.Debug|Any CPU.ActiveCfg = Debug|Any CPU
		{C280DF7D-26D6-4017-82BA-DC4EAC368E02}.Debug|Any CPU.Build.0 = Debug|Any CPU
		{C280DF7D-26D6-4017-82BA-DC4EAC368E02}.Release|Any CPU.ActiveCfg = Release|Any CPU
		{C280DF7D-26D6-4017-82BA-DC4EAC368E02}.Release|Any CPU.Build.0 = Release|Any CPU
		{8D0BE46B-42DF-4C3D-803D-4EFB0E7D8517}.Debug|Any CPU.ActiveCfg = Debug|Any CPU
		{8D0BE46B-42DF-4C3D-803D-4EFB0E7D8517}.Debug|Any CPU.Build.0 = Debug|Any CPU
		{8D0BE46B-42DF-4C3D-803D-4EFB0E7D8517}.Release|Any CPU.ActiveCfg = Release|Any CPU
		{8D0BE46B-42DF-4C3D-803D-4EFB0E7D8517}.Release|Any CPU.Build.0 = Release|Any CPU
	EndGlobalSection
	GlobalSection(SolutionProperties) = preSolution
		HideSolutionNode = FALSE
	EndGlobalSection
	GlobalSection(ExtensibilityGlobals) = postSolution
		SolutionGuid = {A6632282-1F78-4D79-B368-75B8CEAB4B60}
	EndGlobalSection
EndGlobal
